
Microsoft Visual Studio Solution File, Format Version 12.00
# Visual Studio 15
VisualStudioVersion = 15.0.28010.2019
MinimumVisualStudioVersion = 10.0.40219.1
Project("{FAE04EC0-301F-11D3-BF4B-00C04F79EFBC}") = "lesson-2", "lesson-2\lesson-2.csproj", "{9DED380E-258C-4B94-95F8-A9E1603BFF4F}"
EndProject
Global
	GlobalSection(SolutionConfigurationPlatforms) = preSolution
		Debug|Any CPU = Debug|Any CPU
		Release|Any CPU = Release|Any CPU
	EndGlobalSection
	GlobalSection(ProjectConfigurationPlatforms) = postSolution
		{9DED380E-258C-4B94-95F8-A9E1603BFF4F}.Debug|Any CPU.ActiveCfg = Debug|Any CPU
		{9DED380E-258C-4B94-95F8-A9E1603BFF4F}.Debug|Any CPU.Build.0 = Debug|Any CPU
		{9DED380E-258C-4B94-95F8-A9E1603BFF4F}.Release|Any CPU.ActiveCfg = Release|Any CPU
		{9DED380E-258C-4B94-95F8-A9E1603BFF4F}.Release|Any CPU.Build.0 = Release|Any CPU
	EndGlobalSection
	GlobalSection(SolutionProperties) = preSolution
		HideSolutionNode = FALSE
	EndGlobalSection
	GlobalSection(ExtensibilityGlobals) = postSolution
		SolutionGuid = {EF80AC4F-4D1F-4A74-BD2F-BC8B509011EE}
	EndGlobalSection
EndGlobal
