
Microsoft Visual Studio Solution File, Format Version 12.00
# Visual Studio 15
VisualStudioVersion = 15.0.28010.2019
MinimumVisualStudioVersion = 10.0.40219.1
Project("{FAE04EC0-301F-11D3-BF4B-00C04F79EFBC}") = "Task 1,2,3", "Lessons\Task 1,2,3.csproj", "{A6674CD0-7AAD-4200-904A-DEF19A7A49B3}"
EndProject
Project("{FAE04EC0-301F-11D3-BF4B-00C04F79EFBC}") = "Task 4, EGE", "ЕГЭ\Task 4, EGE.csproj", "{DE805688-744A-437D-92A5-E928A5CF394D}"
EndProject
Global
	GlobalSection(SolutionConfigurationPlatforms) = preSolution
		Debug|Any CPU = Debug|Any CPU
		Release|Any CPU = Release|Any CPU
	EndGlobalSection
	GlobalSection(ProjectConfigurationPlatforms) = postSolution
		{A6674CD0-7AAD-4200-904A-DEF19A7A49B3}.Debug|Any CPU.ActiveCfg = Debug|Any CPU
		{A6674CD0-7AAD-4200-904A-DEF19A7A49B3}.Debug|Any CPU.Build.0 = Debug|Any CPU
		{A6674CD0-7AAD-4200-904A-DEF19A7A49B3}.Release|Any CPU.ActiveCfg = Release|Any CPU
		{A6674CD0-7AAD-4200-904A-DEF19A7A49B3}.Release|Any CPU.Build.0 = Release|Any CPU
		{DE805688-744A-437D-92A5-E928A5CF394D}.Debug|Any CPU.ActiveCfg = Debug|Any CPU
		{DE805688-744A-437D-92A5-E928A5CF394D}.Debug|Any CPU.Build.0 = Debug|Any CPU
		{DE805688-744A-437D-92A5-E928A5CF394D}.Release|Any CPU.ActiveCfg = Release|Any CPU
		{DE805688-744A-437D-92A5-E928A5CF394D}.Release|Any CPU.Build.0 = Release|Any CPU
	EndGlobalSection
	GlobalSection(SolutionProperties) = preSolution
		HideSolutionNode = FALSE
	EndGlobalSection
	GlobalSection(ExtensibilityGlobals) = postSolution
		SolutionGuid = {59B94E0E-E123-43E2-A648-30B8FB989548}
	EndGlobalSection
EndGlobal
