
Microsoft Visual Studio Solution File, Format Version 12.00
# Visual Studio 15
VisualStudioVersion = 15.0.28010.2019
MinimumVisualStudioVersion = 10.0.40219.1
Project("{FAE04EC0-301F-11D3-BF4B-00C04F79EFBC}") = "Task-3", "Lesson-8\Task-3.csproj", "{9DDD0AAF-851D-46ED-BA3C-9F0636942ED9}"
EndProject
Project("{FAE04EC0-301F-11D3-BF4B-00C04F79EFBC}") = "Task-2", "Task-2\Task-2.csproj", "{97C54CC7-BC0B-49EA-AEEB-4CC7F668AA13}"
EndProject
Global
	GlobalSection(SolutionConfigurationPlatforms) = preSolution
		Debug|Any CPU = Debug|Any CPU
		Release|Any CPU = Release|Any CPU
	EndGlobalSection
	GlobalSection(ProjectConfigurationPlatforms) = postSolution
		{9DDD0AAF-851D-46ED-BA3C-9F0636942ED9}.Debug|Any CPU.ActiveCfg = Debug|Any CPU
		{9DDD0AAF-851D-46ED-BA3C-9F0636942ED9}.Debug|Any CPU.Build.0 = Debug|Any CPU
		{9DDD0AAF-851D-46ED-BA3C-9F0636942ED9}.Release|Any CPU.ActiveCfg = Release|Any CPU
		{9DDD0AAF-851D-46ED-BA3C-9F0636942ED9}.Release|Any CPU.Build.0 = Release|Any CPU
		{97C54CC7-BC0B-49EA-AEEB-4CC7F668AA13}.Debug|Any CPU.ActiveCfg = Debug|Any CPU
		{97C54CC7-BC0B-49EA-AEEB-4CC7F668AA13}.Debug|Any CPU.Build.0 = Debug|Any CPU
		{97C54CC7-BC0B-49EA-AEEB-4CC7F668AA13}.Release|Any CPU.ActiveCfg = Release|Any CPU
		{97C54CC7-BC0B-49EA-AEEB-4CC7F668AA13}.Release|Any CPU.Build.0 = Release|Any CPU
	EndGlobalSection
	GlobalSection(SolutionProperties) = preSolution
		HideSolutionNode = FALSE
	EndGlobalSection
	GlobalSection(ExtensibilityGlobals) = postSolution
		SolutionGuid = {F68B44C2-5789-4FC7-8C34-6822FE943CDD}
	EndGlobalSection
EndGlobal
